
Microsoft Visual Studio Solution File, Format Version 12.00
# Visual Studio Version 16
VisualStudioVersion = 16.0.30011.22
MinimumVisualStudioVersion = 10.0.40219.1
Project("{9A19103F-16F7-4668-BE54-9A1E7A4F7556}") = "Hosuto", "src\Hosuto\Hosuto.csproj", "{1B1C938C-B367-4EF7-8AE2-7832B857DB7B}"
EndProject
Project("{9A19103F-16F7-4668-BE54-9A1E7A4F7556}") = "Hosuto.SimpleInjector", "src\Hosuto.SimpleInjector\Hosuto.SimpleInjector.csproj", "{D78ABD82-026C-4393-ABAB-E9CF551DF7E1}"
EndProject
Project("{9A19103F-16F7-4668-BE54-9A1E7A4F7556}") = "Hosuto.Abstractions", "src\Hosuto.Abstractions\Hosuto.Abstractions.csproj", "{26C793F8-EF85-4C4B-AD70-096D0758631D}"
EndProject
Project("{9A19103F-16F7-4668-BE54-9A1E7A4F7556}") = "Hosuto.Hosting", "src\Hosuto.Hosting\Hosuto.Hosting.csproj", "{0D000FD6-F2EE-4658-9DB0-A28CF977CA09}"
EndProject
Project("{9A19103F-16F7-4668-BE54-9A1E7A4F7556}") = "Hosuto.Hosting.Tests", "test\Hosuto.Hosting.Tests\Hosuto.Hosting.Tests.csproj", "{B0DF33E2-2F24-4C0F-9F5A-9EFD1D714FC4}"
EndProject
Project("{2150E333-8FDC-42A3-9474-1A3956D46DE8}") = "samples", "samples", "{0C4A607E-2CBA-4333-83AF-A509FDB38FDB}"
EndProject
Project("{2150E333-8FDC-42A3-9474-1A3956D46DE8}") = "dotnetcore31", "dotnetcore31", "{1FDB2B4C-2A03-4B7F-BD25-311932729515}"
EndProject
Project("{9A19103F-16F7-4668-BE54-9A1E7A4F7556}") = "SampleWebModule", "samples\dotnetcore31\SampleWebModule\SampleWebModule.csproj", "{29C629D3-033F-4112-9F31-F0285D91FC71}"
EndProject
Project("{9A19103F-16F7-4668-BE54-9A1E7A4F7556}") = "App", "samples\dotnetcore31\App\App.csproj", "{ECECF074-B3EF-428C-B3F6-4975200F7E1A}"
EndProject
Project("{2150E333-8FDC-42A3-9474-1A3956D46DE8}") = "dotnetcore21", "dotnetcore21", "{887C05BA-6F6A-413E-9C10-E0E3D9F0F489}"
EndProject
Project("{9A19103F-16F7-4668-BE54-9A1E7A4F7556}") = "App", "samples\dotnetcore21\App\App.csproj", "{8040A63B-30C8-4166-AD33-748C10671C0D}"
EndProject
Project("{9A19103F-16F7-4668-BE54-9A1E7A4F7556}") = "SampleWebModule", "samples\dotnetcore21\SampleWebModule\SampleWebModule.csproj", "{1A9DEBB3-54C6-47E0-9791-850EF9DCCC49}"
EndProject
Project("{9A19103F-16F7-4668-BE54-9A1E7A4F7556}") = "Hosuto.Hosting.AspNetCore", "src\Hosuto.Hosting.AspNetCore\Hosuto.Hosting.AspNetCore.csproj", "{17D33BF9-3D31-47D1-8561-D3194A5D18C5}"
EndProject
Project("{2150E333-8FDC-42A3-9474-1A3956D46DE8}") = "shared", "shared", "{F7CEA782-F709-477C-A7ED-8E2623338F7B}"
EndProject
Project("{9A19103F-16F7-4668-BE54-9A1E7A4F7556}") = "Hosuto.Samples.Common", "samples\shared\Hosuto.Samples.Common\Hosuto.Samples.Common.csproj", "{D4A5C193-51F1-4C10-BE03-C940090F245F}"
EndProject
Project("{9A19103F-16F7-4668-BE54-9A1E7A4F7556}") = "Hosuto.Samples.SimpleModule", "samples\shared\Hosuto.Samples.SimpleModule\Hosuto.Samples.SimpleModule.csproj", "{4F525B97-E934-4F9B-AB40-78CBF6B61269}"
EndProject
Project("{9A19103F-16F7-4668-BE54-9A1E7A4F7556}") = "Hosuto.Testing.AspNetCore", "src\Hosuto.Testing.AspNetCore\Hosuto.Testing.AspNetCore.csproj", "{5101C6BF-94D4-4001-AA0B-AC863E6E79F2}"
EndProject
Project("{9A19103F-16F7-4668-BE54-9A1E7A4F7556}") = "Hosuto.Hosting.AspNetCore.Tests", "test\Hosuto.Hosting.AspNetCore.Tests\Hosuto.Hosting.AspNetCore.Tests.csproj", "{C650ED86-171D-4823-B334-F696FED6C471}"
EndProject
Project("{2150E333-8FDC-42A3-9474-1A3956D46DE8}") = "Solution Items", "Solution Items", "{49CF90DB-545B-437A-ADA1-978AEE21A1E5}"
	ProjectSection(SolutionItems) = preProject
		gitversion.yml = gitversion.yml
		build\pack.props = build\pack.props
	EndProjectSection
EndProject
Global
	GlobalSection(SolutionConfigurationPlatforms) = preSolution
		Debug|Any CPU = Debug|Any CPU
		Release|Any CPU = Release|Any CPU
	EndGlobalSection
	GlobalSection(ProjectConfigurationPlatforms) = postSolution
		{1B1C938C-B367-4EF7-8AE2-7832B857DB7B}.Debug|Any CPU.ActiveCfg = Debug|Any CPU
		{1B1C938C-B367-4EF7-8AE2-7832B857DB7B}.Debug|Any CPU.Build.0 = Debug|Any CPU
		{1B1C938C-B367-4EF7-8AE2-7832B857DB7B}.Release|Any CPU.ActiveCfg = Release|Any CPU
		{1B1C938C-B367-4EF7-8AE2-7832B857DB7B}.Release|Any CPU.Build.0 = Release|Any CPU
		{D78ABD82-026C-4393-ABAB-E9CF551DF7E1}.Debug|Any CPU.ActiveCfg = Debug|Any CPU
		{D78ABD82-026C-4393-ABAB-E9CF551DF7E1}.Debug|Any CPU.Build.0 = Debug|Any CPU
		{D78ABD82-026C-4393-ABAB-E9CF551DF7E1}.Release|Any CPU.ActiveCfg = Release|Any CPU
		{D78ABD82-026C-4393-ABAB-E9CF551DF7E1}.Release|Any CPU.Build.0 = Release|Any CPU
		{26C793F8-EF85-4C4B-AD70-096D0758631D}.Debug|Any CPU.ActiveCfg = Debug|Any CPU
		{26C793F8-EF85-4C4B-AD70-096D0758631D}.Debug|Any CPU.Build.0 = Debug|Any CPU
		{26C793F8-EF85-4C4B-AD70-096D0758631D}.Release|Any CPU.ActiveCfg = Release|Any CPU
		{26C793F8-EF85-4C4B-AD70-096D0758631D}.Release|Any CPU.Build.0 = Release|Any CPU
		{0D000FD6-F2EE-4658-9DB0-A28CF977CA09}.Debug|Any CPU.ActiveCfg = Debug|Any CPU
		{0D000FD6-F2EE-4658-9DB0-A28CF977CA09}.Debug|Any CPU.Build.0 = Debug|Any CPU
		{0D000FD6-F2EE-4658-9DB0-A28CF977CA09}.Release|Any CPU.ActiveCfg = Release|Any CPU
		{0D000FD6-F2EE-4658-9DB0-A28CF977CA09}.Release|Any CPU.Build.0 = Release|Any CPU
		{B0DF33E2-2F24-4C0F-9F5A-9EFD1D714FC4}.Debug|Any CPU.ActiveCfg = Debug|Any CPU
		{B0DF33E2-2F24-4C0F-9F5A-9EFD1D714FC4}.Debug|Any CPU.Build.0 = Debug|Any CPU
		{B0DF33E2-2F24-4C0F-9F5A-9EFD1D714FC4}.Release|Any CPU.ActiveCfg = Release|Any CPU
		{B0DF33E2-2F24-4C0F-9F5A-9EFD1D714FC4}.Release|Any CPU.Build.0 = Release|Any CPU
		{29C629D3-033F-4112-9F31-F0285D91FC71}.Debug|Any CPU.ActiveCfg = Debug|Any CPU
		{29C629D3-033F-4112-9F31-F0285D91FC71}.Debug|Any CPU.Build.0 = Debug|Any CPU
		{29C629D3-033F-4112-9F31-F0285D91FC71}.Release|Any CPU.ActiveCfg = Release|Any CPU
		{29C629D3-033F-4112-9F31-F0285D91FC71}.Release|Any CPU.Build.0 = Release|Any CPU
		{ECECF074-B3EF-428C-B3F6-4975200F7E1A}.Debug|Any CPU.ActiveCfg = Debug|Any CPU
		{ECECF074-B3EF-428C-B3F6-4975200F7E1A}.Debug|Any CPU.Build.0 = Debug|Any CPU
		{ECECF074-B3EF-428C-B3F6-4975200F7E1A}.Release|Any CPU.ActiveCfg = Release|Any CPU
		{ECECF074-B3EF-428C-B3F6-4975200F7E1A}.Release|Any CPU.Build.0 = Release|Any CPU
		{8040A63B-30C8-4166-AD33-748C10671C0D}.Debug|Any CPU.ActiveCfg = Debug|Any CPU
		{8040A63B-30C8-4166-AD33-748C10671C0D}.Debug|Any CPU.Build.0 = Debug|Any CPU
		{8040A63B-30C8-4166-AD33-748C10671C0D}.Release|Any CPU.ActiveCfg = Release|Any CPU
		{8040A63B-30C8-4166-AD33-748C10671C0D}.Release|Any CPU.Build.0 = Release|Any CPU
		{1A9DEBB3-54C6-47E0-9791-850EF9DCCC49}.Debug|Any CPU.ActiveCfg = Debug|Any CPU
		{1A9DEBB3-54C6-47E0-9791-850EF9DCCC49}.Debug|Any CPU.Build.0 = Debug|Any CPU
		{1A9DEBB3-54C6-47E0-9791-850EF9DCCC49}.Release|Any CPU.ActiveCfg = Release|Any CPU
		{1A9DEBB3-54C6-47E0-9791-850EF9DCCC49}.Release|Any CPU.Build.0 = Release|Any CPU
		{17D33BF9-3D31-47D1-8561-D3194A5D18C5}.Debug|Any CPU.ActiveCfg = Debug|Any CPU
		{17D33BF9-3D31-47D1-8561-D3194A5D18C5}.Debug|Any CPU.Build.0 = Debug|Any CPU
		{17D33BF9-3D31-47D1-8561-D3194A5D18C5}.Release|Any CPU.ActiveCfg = Release|Any CPU
		{17D33BF9-3D31-47D1-8561-D3194A5D18C5}.Release|Any CPU.Build.0 = Release|Any CPU
		{D4A5C193-51F1-4C10-BE03-C940090F245F}.Debug|Any CPU.ActiveCfg = Debug|Any CPU
		{D4A5C193-51F1-4C10-BE03-C940090F245F}.Debug|Any CPU.Build.0 = Debug|Any CPU
		{D4A5C193-51F1-4C10-BE03-C940090F245F}.Release|Any CPU.ActiveCfg = Release|Any CPU
		{D4A5C193-51F1-4C10-BE03-C940090F245F}.Release|Any CPU.Build.0 = Release|Any CPU
		{4F525B97-E934-4F9B-AB40-78CBF6B61269}.Debug|Any CPU.ActiveCfg = Debug|Any CPU
		{4F525B97-E934-4F9B-AB40-78CBF6B61269}.Debug|Any CPU.Build.0 = Debug|Any CPU
		{4F525B97-E934-4F9B-AB40-78CBF6B61269}.Release|Any CPU.ActiveCfg = Release|Any CPU
		{4F525B97-E934-4F9B-AB40-78CBF6B61269}.Release|Any CPU.Build.0 = Release|Any CPU
		{5101C6BF-94D4-4001-AA0B-AC863E6E79F2}.Debug|Any CPU.ActiveCfg = Debug|Any CPU
		{5101C6BF-94D4-4001-AA0B-AC863E6E79F2}.Debug|Any CPU.Build.0 = Debug|Any CPU
		{5101C6BF-94D4-4001-AA0B-AC863E6E79F2}.Release|Any CPU.ActiveCfg = Release|Any CPU
		{5101C6BF-94D4-4001-AA0B-AC863E6E79F2}.Release|Any CPU.Build.0 = Release|Any CPU
		{C650ED86-171D-4823-B334-F696FED6C471}.Debug|Any CPU.ActiveCfg = Debug|Any CPU
		{C650ED86-171D-4823-B334-F696FED6C471}.Debug|Any CPU.Build.0 = Debug|Any CPU
		{C650ED86-171D-4823-B334-F696FED6C471}.Release|Any CPU.ActiveCfg = Release|Any CPU
		{C650ED86-171D-4823-B334-F696FED6C471}.Release|Any CPU.Build.0 = Release|Any CPU
	EndGlobalSection
	GlobalSection(SolutionProperties) = preSolution
		HideSolutionNode = FALSE
	EndGlobalSection
	GlobalSection(NestedProjects) = preSolution
		{1FDB2B4C-2A03-4B7F-BD25-311932729515} = {0C4A607E-2CBA-4333-83AF-A509FDB38FDB}
		{29C629D3-033F-4112-9F31-F0285D91FC71} = {1FDB2B4C-2A03-4B7F-BD25-311932729515}
		{ECECF074-B3EF-428C-B3F6-4975200F7E1A} = {1FDB2B4C-2A03-4B7F-BD25-311932729515}
		{887C05BA-6F6A-413E-9C10-E0E3D9F0F489} = {0C4A607E-2CBA-4333-83AF-A509FDB38FDB}
		{8040A63B-30C8-4166-AD33-748C10671C0D} = {887C05BA-6F6A-413E-9C10-E0E3D9F0F489}
		{1A9DEBB3-54C6-47E0-9791-850EF9DCCC49} = {887C05BA-6F6A-413E-9C10-E0E3D9F0F489}
		{F7CEA782-F709-477C-A7ED-8E2623338F7B} = {0C4A607E-2CBA-4333-83AF-A509FDB38FDB}
		{D4A5C193-51F1-4C10-BE03-C940090F245F} = {F7CEA782-F709-477C-A7ED-8E2623338F7B}
		{4F525B97-E934-4F9B-AB40-78CBF6B61269} = {F7CEA782-F709-477C-A7ED-8E2623338F7B}
	EndGlobalSection
	GlobalSection(ExtensibilityGlobals) = postSolution
		SolutionGuid = {C7C4A16F-35F6-40CB-9F59-B48D0757FA7C}
	EndGlobalSection
EndGlobal
